// !$*UTF8*$!
{
	archiveVersion = 1;
	classes = {
	};
	objectVersion = 46;
	objects = {

/* Begin PBXBuildFile section */
		1F1FC0FC1BB3E76100CAE4DE /* main.m in Sources */ = {isa = PBXBuildFile; fileRef = 1F1FC0FB1BB3E76100CAE4DE /* main.m */; };
		1F1FC1071BB3E76100CAE4DE /* Assets.xcassets in Resources */ = {isa = PBXBuildFile; fileRef = 1F1FC1061BB3E76100CAE4DE /* Assets.xcassets */; };
		1F1FC1151BB3E76100CAE4DE /* DYStoreTests.m in Sources */ = {isa = PBXBuildFile; fileRef = 1F1FC1141BB3E76100CAE4DE /* DYStoreTests.m */; };
		1F1FC1201BB3E76100CAE4DE /* DYStoreUITests.m in Sources */ = {isa = PBXBuildFile; fileRef = 1F1FC11F1BB3E76100CAE4DE /* DYStoreUITests.m */; };
		1F1FF41B1BB4E58300B2A900 /* NSDictionary+Value.m in Sources */ = {isa = PBXBuildFile; fileRef = 1F1FF40E1BB4E58300B2A900 /* NSDictionary+Value.m */; settings = {ASSET_TAGS = (); }; };
		1F1FF41D1BB4E58300B2A900 /* UIBarButtonItem+Extension.m in Sources */ = {isa = PBXBuildFile; fileRef = 1F1FF4121BB4E58300B2A900 /* UIBarButtonItem+Extension.m */; settings = {ASSET_TAGS = (); }; };
		1F1FF41E1BB4E58300B2A900 /* UIFont+Extension.m in Sources */ = {isa = PBXBuildFile; fileRef = 1F1FF4141BB4E58300B2A900 /* UIFont+Extension.m */; settings = {ASSET_TAGS = (); }; };
		1F1FF41F1BB4E58300B2A900 /* UITextField+Extension.m in Sources */ = {isa = PBXBuildFile; fileRef = 1F1FF4161BB4E58300B2A900 /* UITextField+Extension.m */; settings = {ASSET_TAGS = (); }; };
		1F1FF4201BB4E58300B2A900 /* UIView+AEBHandyAutoLayout.m in Sources */ = {isa = PBXBuildFile; fileRef = 1F1FF4181BB4E58300B2A900 /* UIView+AEBHandyAutoLayout.m */; settings = {ASSET_TAGS = (); }; };
		1F1FF4211BB4E58300B2A900 /* UIView+LayoutMethods.m in Sources */ = {isa = PBXBuildFile; fileRef = 1F1FF41A1BB4E58300B2A900 /* UIView+LayoutMethods.m */; settings = {ASSET_TAGS = (); }; };
		1F1FF4291BB521B800B2A900 /* NSString+Extension.m in Sources */ = {isa = PBXBuildFile; fileRef = 1F1FF4281BB521B800B2A900 /* NSString+Extension.m */; settings = {ASSET_TAGS = (); }; };
		1F1FF42C1BB522C000B2A900 /* AppDelegate.m in Sources */ = {isa = PBXBuildFile; fileRef = 1F1FF42B1BB522C000B2A900 /* AppDelegate.m */; settings = {ASSET_TAGS = (); }; };
		1F1FF4351BB5257500B2A900 /* Info.plist in Resources */ = {isa = PBXBuildFile; fileRef = 1F1FF4341BB5257500B2A900 /* Info.plist */; settings = {ASSET_TAGS = (); }; };
		1F1FF43D1BB5332100B2A900 /* CMViewController.m in Sources */ = {isa = PBXBuildFile; fileRef = 1F1FF43C1BB5332100B2A900 /* CMViewController.m */; settings = {ASSET_TAGS = (); }; };
		1F1FF4401BB5335900B2A900 /* HomeController.m in Sources */ = {isa = PBXBuildFile; fileRef = 1F1FF43F1BB5335900B2A900 /* HomeController.m */; settings = {ASSET_TAGS = (); }; };
		1F1FF4431BB5337500B2A900 /* PointsMallController.m in Sources */ = {isa = PBXBuildFile; fileRef = 1F1FF4421BB5337500B2A900 /* PointsMallController.m */; settings = {ASSET_TAGS = (); }; };
		94519569526D02771DD1B450 /* libPods.a in Frameworks */ = {isa = PBXBuildFile; fileRef = 31E5D67B2488893DC1A99920 /* libPods.a */; };
/* End PBXBuildFile section */

/* Begin PBXContainerItemProxy section */
		1F1FC1111BB3E76100CAE4DE /* PBXContainerItemProxy */ = {
			isa = PBXContainerItemProxy;
			containerPortal = 1F1FC0EF1BB3E76100CAE4DE /* Project object */;
			proxyType = 1;
			remoteGlobalIDString = 1F1FC0F61BB3E76100CAE4DE;
			remoteInfo = DYStore;
		};
		1F1FC11C1BB3E76100CAE4DE /* PBXContainerItemProxy */ = {
			isa = PBXContainerItemProxy;
			containerPortal = 1F1FC0EF1BB3E76100CAE4DE /* Project object */;
			proxyType = 1;
			remoteGlobalIDString = 1F1FC0F61BB3E76100CAE4DE;
			remoteInfo = DYStore;
		};
/* End PBXContainerItemProxy section */

/* Begin PBXFileReference section */
		1F1FC0F71BB3E76100CAE4DE /* DYStore.app */ = {isa = PBXFileReference; explicitFileType = wrapper.application; includeInIndex = 0; path = DYStore.app; sourceTree = BUILT_PRODUCTS_DIR; };
		1F1FC0FB1BB3E76100CAE4DE /* main.m */ = {isa = PBXFileReference; lastKnownFileType = sourcecode.c.objc; path = main.m; sourceTree = "<group>"; };
		1F1FC1061BB3E76100CAE4DE /* Assets.xcassets */ = {isa = PBXFileReference; lastKnownFileType = folder.assetcatalog; path = Assets.xcassets; sourceTree = "<group>"; };
		1F1FC1101BB3E76100CAE4DE /* DYStoreTests.xctest */ = {isa = PBXFileReference; explicitFileType = wrapper.cfbundle; includeInIndex = 0; path = DYStoreTests.xctest; sourceTree = BUILT_PRODUCTS_DIR; };
		1F1FC1141BB3E76100CAE4DE /* DYStoreTests.m */ = {isa = PBXFileReference; lastKnownFileType = sourcecode.c.objc; path = DYStoreTests.m; sourceTree = "<group>"; };
		1F1FC1161BB3E76100CAE4DE /* Info.plist */ = {isa = PBXFileReference; lastKnownFileType = text.plist.xml; path = Info.plist; sourceTree = "<group>"; };
		1F1FC11B1BB3E76100CAE4DE /* DYStoreUITests.xctest */ = {isa = PBXFileReference; explicitFileType = wrapper.cfbundle; includeInIndex = 0; path = DYStoreUITests.xctest; sourceTree = BUILT_PRODUCTS_DIR; };
		1F1FC11F1BB3E76100CAE4DE /* DYStoreUITests.m */ = {isa = PBXFileReference; lastKnownFileType = sourcecode.c.objc; path = DYStoreUITests.m; sourceTree = "<group>"; };
		1F1FC1211BB3E76100CAE4DE /* Info.plist */ = {isa = PBXFileReference; lastKnownFileType = text.plist.xml; path = Info.plist; sourceTree = "<group>"; };
		1F1FF40D1BB4E58300B2A900 /* NSDictionary+Value.h */ = {isa = PBXFileReference; fileEncoding = 4; lastKnownFileType = sourcecode.c.h; path = "NSDictionary+Value.h"; sourceTree = "<group>"; };
		1F1FF40E1BB4E58300B2A900 /* NSDictionary+Value.m */ = {isa = PBXFileReference; fileEncoding = 4; lastKnownFileType = sourcecode.c.objc; path = "NSDictionary+Value.m"; sourceTree = "<group>"; };
		1F1FF4111BB4E58300B2A900 /* UIBarButtonItem+Extension.h */ = {isa = PBXFileReference; fileEncoding = 4; lastKnownFileType = sourcecode.c.h; path = "UIBarButtonItem+Extension.h"; sourceTree = "<group>"; };
		1F1FF4121BB4E58300B2A900 /* UIBarButtonItem+Extension.m */ = {isa = PBXFileReference; fileEncoding = 4; lastKnownFileType = sourcecode.c.objc; path = "UIBarButtonItem+Extension.m"; sourceTree = "<group>"; };
		1F1FF4131BB4E58300B2A900 /* UIFont+Extension.h */ = {isa = PBXFileReference; fileEncoding = 4; lastKnownFileType = sourcecode.c.h; path = "UIFont+Extension.h"; sourceTree = "<group>"; };
		1F1FF4141BB4E58300B2A900 /* UIFont+Extension.m */ = {isa = PBXFileReference; fileEncoding = 4; lastKnownFileType = sourcecode.c.objc; path = "UIFont+Extension.m"; sourceTree = "<group>"; };
		1F1FF4151BB4E58300B2A900 /* UITextField+Extension.h */ = {isa = PBXFileReference; fileEncoding = 4; lastKnownFileType = sourcecode.c.h; path = "UITextField+Extension.h"; sourceTree = "<group>"; };
		1F1FF4161BB4E58300B2A900 /* UITextField+Extension.m */ = {isa = PBXFileReference; fileEncoding = 4; lastKnownFileType = sourcecode.c.objc; path = "UITextField+Extension.m"; sourceTree = "<group>"; };
		1F1FF4171BB4E58300B2A900 /* UIView+AEBHandyAutoLayout.h */ = {isa = PBXFileReference; fileEncoding = 4; lastKnownFileType = sourcecode.c.h; path = "UIView+AEBHandyAutoLayout.h"; sourceTree = "<group>"; };
		1F1FF4181BB4E58300B2A900 /* UIView+AEBHandyAutoLayout.m */ = {isa = PBXFileReference; fileEncoding = 4; lastKnownFileType = sourcecode.c.objc; path = "UIView+AEBHandyAutoLayout.m"; sourceTree = "<group>"; };
		1F1FF4191BB4E58300B2A900 /* UIView+LayoutMethods.h */ = {isa = PBXFileReference; fileEncoding = 4; lastKnownFileType = sourcecode.c.h; path = "UIView+LayoutMethods.h"; sourceTree = "<group>"; };
		1F1FF41A1BB4E58300B2A900 /* UIView+LayoutMethods.m */ = {isa = PBXFileReference; fileEncoding = 4; lastKnownFileType = sourcecode.c.objc; path = "UIView+LayoutMethods.m"; sourceTree = "<group>"; };
		1F1FF4261BB51E2400B2A900 /* DYStore.pch */ = {isa = PBXFileReference; lastKnownFileType = sourcecode.c.h; path = DYStore.pch; sourceTree = "<group>"; };
		1F1FF4271BB521B800B2A900 /* NSString+Extension.h */ = {isa = PBXFileReference; fileEncoding = 4; lastKnownFileType = sourcecode.c.h; path = "NSString+Extension.h"; sourceTree = "<group>"; };
		1F1FF4281BB521B800B2A900 /* NSString+Extension.m */ = {isa = PBXFileReference; fileEncoding = 4; lastKnownFileType = sourcecode.c.objc; path = "NSString+Extension.m"; sourceTree = "<group>"; };
		1F1FF42A1BB522C000B2A900 /* AppDelegate.h */ = {isa = PBXFileReference; fileEncoding = 4; lastKnownFileType = sourcecode.c.h; path = AppDelegate.h; sourceTree = "<group>"; };
		1F1FF42B1BB522C000B2A900 /* AppDelegate.m */ = {isa = PBXFileReference; fileEncoding = 4; lastKnownFileType = sourcecode.c.objc; path = AppDelegate.m; sourceTree = "<group>"; };
		1F1FF4341BB5257500B2A900 /* Info.plist */ = {isa = PBXFileReference; fileEncoding = 4; lastKnownFileType = text.plist.xml; path = Info.plist; sourceTree = "<group>"; };
		1F1FF43B1BB5332100B2A900 /* CMViewController.h */ = {isa = PBXFileReference; fileEncoding = 4; lastKnownFileType = sourcecode.c.h; path = CMViewController.h; sourceTree = "<group>"; };
		1F1FF43C1BB5332100B2A900 /* CMViewController.m */ = {isa = PBXFileReference; fileEncoding = 4; lastKnownFileType = sourcecode.c.objc; path = CMViewController.m; sourceTree = "<group>"; };
		1F1FF43E1BB5335900B2A900 /* HomeController.h */ = {isa = PBXFileReference; fileEncoding = 4; lastKnownFileType = sourcecode.c.h; path = HomeController.h; sourceTree = "<group>"; };
		1F1FF43F1BB5335900B2A900 /* HomeController.m */ = {isa = PBXFileReference; fileEncoding = 4; lastKnownFileType = sourcecode.c.objc; path = HomeController.m; sourceTree = "<group>"; };
		1F1FF4411BB5337500B2A900 /* PointsMallController.h */ = {isa = PBXFileReference; fileEncoding = 4; lastKnownFileType = sourcecode.c.h; path = PointsMallController.h; sourceTree = "<group>"; };
		1F1FF4421BB5337500B2A900 /* PointsMallController.m */ = {isa = PBXFileReference; fileEncoding = 4; lastKnownFileType = sourcecode.c.objc; path = PointsMallController.m; sourceTree = "<group>"; };
		31E5D67B2488893DC1A99920 /* libPods.a */ = {isa = PBXFileReference; explicitFileType = archive.ar; includeInIndex = 0; path = libPods.a; sourceTree = BUILT_PRODUCTS_DIR; };
		4C3729EAF4874F4BE8267278 /* Pods.release.xcconfig */ = {isa = PBXFileReference; includeInIndex = 1; lastKnownFileType = text.xcconfig; name = Pods.release.xcconfig; path = "Pods/Target Support Files/Pods/Pods.release.xcconfig"; sourceTree = "<group>"; };
		B0AE3EC73899F3B98E1081B0 /* Pods.debug.xcconfig */ = {isa = PBXFileReference; includeInIndex = 1; lastKnownFileType = text.xcconfig; name = Pods.debug.xcconfig; path = "Pods/Target Support Files/Pods/Pods.debug.xcconfig"; sourceTree = "<group>"; };
/* End PBXFileReference section */

/* Begin PBXFrameworksBuildPhase section */
		1F1FC0F41BB3E76100CAE4DE /* Frameworks */ = {
			isa = PBXFrameworksBuildPhase;
			buildActionMask = 2147483647;
			files = (
				94519569526D02771DD1B450 /* libPods.a in Frameworks */,
			);
			runOnlyForDeploymentPostprocessing = 0;
		};
		1F1FC10D1BB3E76100CAE4DE /* Frameworks */ = {
			isa = PBXFrameworksBuildPhase;
			buildActionMask = 2147483647;
			files = (
			);
			runOnlyForDeploymentPostprocessing = 0;
		};
		1F1FC1181BB3E76100CAE4DE /* Frameworks */ = {
			isa = PBXFrameworksBuildPhase;
			buildActionMask = 2147483647;
			files = (
			);
			runOnlyForDeploymentPostprocessing = 0;
		};
/* End PBXFrameworksBuildPhase section */

/* Begin PBXGroup section */
		1F1FC0EE1BB3E76100CAE4DE = {
			isa = PBXGroup;
			children = (
				1F1FC0F91BB3E76100CAE4DE /* DYStore */,
				1F1FC1131BB3E76100CAE4DE /* DYStoreTests */,
				1F1FC11E1BB3E76100CAE4DE /* DYStoreUITests */,
				1F1FC0F81BB3E76100CAE4DE /* Products */,
				FB269E52AD85A6CCBBBDA48D /* Pods */,
				37C696B9AB5D2D6735D6DC7D /* Frameworks */,
			);
			sourceTree = "<group>";
		};
		1F1FC0F81BB3E76100CAE4DE /* Products */ = {
			isa = PBXGroup;
			children = (
				1F1FC0F71BB3E76100CAE4DE /* DYStore.app */,
				1F1FC1101BB3E76100CAE4DE /* DYStoreTests.xctest */,
				1F1FC11B1BB3E76100CAE4DE /* DYStoreUITests.xctest */,
			);
			name = Products;
			sourceTree = "<group>";
		};
		1F1FC0F91BB3E76100CAE4DE /* DYStore */ = {
			isa = PBXGroup;
			children = (
				1F1FF40C1BB4E57800B2A900 /* Category(分类) */,
				1F1FF40A1BB4E4F600B2A900 /* Classes */,
				1F1FF4221BB4E60400B2A900 /* Others */,
				1F1FF4231BB4E6A300B2A900 /* CustomControl */,
				1F1FF4241BB51DCD00B2A900 /* Resources */,
				1F1FC1061BB3E76100CAE4DE /* Assets.xcassets */,
				1F1FC0FA1BB3E76100CAE4DE /* Supporting Files */,
			);
			path = DYStore;
			sourceTree = "<group>";
		};
		1F1FC0FA1BB3E76100CAE4DE /* Supporting Files */ = {
			isa = PBXGroup;
			children = (
				1F1FC0FB1BB3E76100CAE4DE /* main.m */,
			);
			name = "Supporting Files";
			sourceTree = "<group>";
		};
		1F1FC1131BB3E76100CAE4DE /* DYStoreTests */ = {
			isa = PBXGroup;
			children = (
				1F1FC1141BB3E76100CAE4DE /* DYStoreTests.m */,
				1F1FC1161BB3E76100CAE4DE /* Info.plist */,
			);
			path = DYStoreTests;
			sourceTree = "<group>";
		};
		1F1FC11E1BB3E76100CAE4DE /* DYStoreUITests */ = {
			isa = PBXGroup;
			children = (
				1F1FC11F1BB3E76100CAE4DE /* DYStoreUITests.m */,
				1F1FC1211BB3E76100CAE4DE /* Info.plist */,
			);
			path = DYStoreUITests;
			sourceTree = "<group>";
		};
		1F1FF40A1BB4E4F600B2A900 /* Classes */ = {
			isa = PBXGroup;
			children = (
				1F1FF4361BB5329500B2A900 /* Home(首页) */,
				1F1FF40B1BB4E4F600B2A900 /* PointsMall(积分商城) */,
			);
			path = Classes;
			sourceTree = "<group>";
		};
		1F1FF40B1BB4E4F600B2A900 /* PointsMall(积分商城) */ = {
			isa = PBXGroup;
			children = (
				1F1FF4381BB532C100B2A900 /* Controller */,
				1F1FF4441BB535D800B2A900 /* Views */,
			);
			name = "PointsMall(积分商城)";
			path = PointsMall;
			sourceTree = "<group>";
		};
		1F1FF40C1BB4E57800B2A900 /* Category(分类) */ = {
			isa = PBXGroup;
			children = (
				1F1FF40D1BB4E58300B2A900 /* NSDictionary+Value.h */,
				1F1FF40E1BB4E58300B2A900 /* NSDictionary+Value.m */,
				1F1FF4111BB4E58300B2A900 /* UIBarButtonItem+Extension.h */,
				1F1FF4121BB4E58300B2A900 /* UIBarButtonItem+Extension.m */,
				1F1FF4131BB4E58300B2A900 /* UIFont+Extension.h */,
				1F1FF4141BB4E58300B2A900 /* UIFont+Extension.m */,
				1F1FF4151BB4E58300B2A900 /* UITextField+Extension.h */,
				1F1FF4161BB4E58300B2A900 /* UITextField+Extension.m */,
				1F1FF4171BB4E58300B2A900 /* UIView+AEBHandyAutoLayout.h */,
				1F1FF4181BB4E58300B2A900 /* UIView+AEBHandyAutoLayout.m */,
				1F1FF4191BB4E58300B2A900 /* UIView+LayoutMethods.h */,
				1F1FF41A1BB4E58300B2A900 /* UIView+LayoutMethods.m */,
				1F1FF4271BB521B800B2A900 /* NSString+Extension.h */,
				1F1FF4281BB521B800B2A900 /* NSString+Extension.m */,
			);
			name = "Category(分类)";
			path = Category;
			sourceTree = "<group>";
		};
		1F1FF4221BB4E60400B2A900 /* Others */ = {
			isa = PBXGroup;
			children = (
				1F1FF4391BB532E900B2A900 /* Main */,
			);
			path = Others;
			sourceTree = "<group>";
		};
		1F1FF4231BB4E6A300B2A900 /* CustomControl */ = {
			isa = PBXGroup;
			children = (
			);
			path = CustomControl;
			sourceTree = "<group>";
		};
		1F1FF4241BB51DCD00B2A900 /* Resources */ = {
			isa = PBXGroup;
			children = (
				1F1FF42A1BB522C000B2A900 /* AppDelegate.h */,
				1F1FF42B1BB522C000B2A900 /* AppDelegate.m */,
				1F1FF4251BB51E0A00B2A900 /* PCH */,
				1F1FF42D1BB5239C00B2A900 /* Plist */,
			);
			path = Resources;
			sourceTree = "<group>";
		};
		1F1FF4251BB51E0A00B2A900 /* PCH */ = {
			isa = PBXGroup;
			children = (
				1F1FF4261BB51E2400B2A900 /* DYStore.pch */,
			);
			path = PCH;
			sourceTree = "<group>";
		};
		1F1FF42D1BB5239C00B2A900 /* Plist */ = {
			isa = PBXGroup;
			children = (
				1F1FF4341BB5257500B2A900 /* Info.plist */,
			);
			path = Plist;
			sourceTree = "<group>";
		};
		1F1FF4361BB5329500B2A900 /* Home(首页) */ = {
			isa = PBXGroup;
			children = (
				1F1FF4371BB532AF00B2A900 /* Controller */,
			);
			name = "Home(首页)";
			path = Home;
			sourceTree = "<group>";
		};
		1F1FF4371BB532AF00B2A900 /* Controller */ = {
			isa = PBXGroup;
			children = (
				1F1FF43E1BB5335900B2A900 /* HomeController.h */,
				1F1FF43F1BB5335900B2A900 /* HomeController.m */,
			);
			path = Controller;
			sourceTree = "<group>";
		};
		1F1FF4381BB532C100B2A900 /* Controller */ = {
			isa = PBXGroup;
			children = (
				1F1FF4411BB5337500B2A900 /* PointsMallController.h */,
				1F1FF4421BB5337500B2A900 /* PointsMallController.m */,
			);
			path = Controller;
			sourceTree = "<group>";
		};
		1F1FF4391BB532E900B2A900 /* Main */ = {
			isa = PBXGroup;
			children = (
				1F1FF43A1BB532F700B2A900 /* Controller */,
			);
			path = Main;
			sourceTree = "<group>";
		};
		1F1FF43A1BB532F700B2A900 /* Controller */ = {
			isa = PBXGroup;
			children = (
				1F1FF43B1BB5332100B2A900 /* CMViewController.h */,
				1F1FF43C1BB5332100B2A900 /* CMViewController.m */,
			);
			path = Controller;
			sourceTree = "<group>";
		};
		1F1FF4441BB535D800B2A900 /* Views */ = {
			isa = PBXGroup;
			children = (
			);
			path = Views;
			sourceTree = "<group>";
		};
		37C696B9AB5D2D6735D6DC7D /* Frameworks */ = {
			isa = PBXGroup;
			children = (
				31E5D67B2488893DC1A99920 /* libPods.a */,
			);
			name = Frameworks;
			sourceTree = "<group>";
		};
		FB269E52AD85A6CCBBBDA48D /* Pods */ = {
			isa = PBXGroup;
			children = (
				B0AE3EC73899F3B98E1081B0 /* Pods.debug.xcconfig */,
				4C3729EAF4874F4BE8267278 /* Pods.release.xcconfig */,
			);
			name = Pods;
			sourceTree = "<group>";
		};
/* End PBXGroup section */

/* Begin PBXNativeTarget section */
		1F1FC0F61BB3E76100CAE4DE /* DYStore */ = {
			isa = PBXNativeTarget;
			buildConfigurationList = 1F1FC1241BB3E76100CAE4DE /* Build configuration list for PBXNativeTarget "DYStore" */;
			buildPhases = (
				199A56DE9C1C92D6A374AF1C /* Check Pods Manifest.lock */,
				1F1FC0F31BB3E76100CAE4DE /* Sources */,
				1F1FC0F41BB3E76100CAE4DE /* Frameworks */,
				1F1FC0F51BB3E76100CAE4DE /* Resources */,
				19654DCD6A703D32180EEE1B /* Copy Pods Resources */,
			);
			buildRules = (
			);
			dependencies = (
			);
			name = DYStore;
			productName = DYStore;
			productReference = 1F1FC0F71BB3E76100CAE4DE /* DYStore.app */;
			productType = "com.apple.product-type.application";
		};
		1F1FC10F1BB3E76100CAE4DE /* DYStoreTests */ = {
			isa = PBXNativeTarget;
			buildConfigurationList = 1F1FC1271BB3E76100CAE4DE /* Build configuration list for PBXNativeTarget "DYStoreTests" */;
			buildPhases = (
				1F1FC10C1BB3E76100CAE4DE /* Sources */,
				1F1FC10D1BB3E76100CAE4DE /* Frameworks */,
				1F1FC10E1BB3E76100CAE4DE /* Resources */,
			);
			buildRules = (
			);
			dependencies = (
				1F1FC1121BB3E76100CAE4DE /* PBXTargetDependency */,
			);
			name = DYStoreTests;
			productName = DYStoreTests;
			productReference = 1F1FC1101BB3E76100CAE4DE /* DYStoreTests.xctest */;
			productType = "com.apple.product-type.bundle.unit-test";
		};
		1F1FC11A1BB3E76100CAE4DE /* DYStoreUITests */ = {
			isa = PBXNativeTarget;
			buildConfigurationList = 1F1FC12A1BB3E76100CAE4DE /* Build configuration list for PBXNativeTarget "DYStoreUITests" */;
			buildPhases = (
				1F1FC1171BB3E76100CAE4DE /* Sources */,
				1F1FC1181BB3E76100CAE4DE /* Frameworks */,
				1F1FC1191BB3E76100CAE4DE /* Resources */,
			);
			buildRules = (
			);
			dependencies = (
				1F1FC11D1BB3E76100CAE4DE /* PBXTargetDependency */,
			);
			name = DYStoreUITests;
			productName = DYStoreUITests;
			productReference = 1F1FC11B1BB3E76100CAE4DE /* DYStoreUITests.xctest */;
			productType = "com.apple.product-type.bundle.ui-testing";
		};
/* End PBXNativeTarget section */

/* Begin PBXProject section */
		1F1FC0EF1BB3E76100CAE4DE /* Project object */ = {
			isa = PBXProject;
			attributes = {
				LastUpgradeCheck = 0700;
				ORGANIZATIONNAME = MyMac;
				TargetAttributes = {
					1F1FC0F61BB3E76100CAE4DE = {
						CreatedOnToolsVersion = 7.0;
						DevelopmentTeam = 2XSK9V382X;
					};
					1F1FC10F1BB3E76100CAE4DE = {
						CreatedOnToolsVersion = 7.0;
						TestTargetID = 1F1FC0F61BB3E76100CAE4DE;
					};
					1F1FC11A1BB3E76100CAE4DE = {
						CreatedOnToolsVersion = 7.0;
						TestTargetID = 1F1FC0F61BB3E76100CAE4DE;
					};
				};
			};
			buildConfigurationList = 1F1FC0F21BB3E76100CAE4DE /* Build configuration list for PBXProject "DYStore" */;
			compatibilityVersion = "Xcode 3.2";
			developmentRegion = English;
			hasScannedForEncodings = 0;
			knownRegions = (
				en,
				Base,
			);
			mainGroup = 1F1FC0EE1BB3E76100CAE4DE;
			productRefGroup = 1F1FC0F81BB3E76100CAE4DE /* Products */;
			projectDirPath = "";
			projectRoot = "";
			targets = (
				1F1FC0F61BB3E76100CAE4DE /* DYStore */,
				1F1FC10F1BB3E76100CAE4DE /* DYStoreTests */,
				1F1FC11A1BB3E76100CAE4DE /* DYStoreUITests */,
			);
		};
/* End PBXProject section */

/* Begin PBXResourcesBuildPhase section */
		1F1FC0F51BB3E76100CAE4DE /* Resources */ = {
			isa = PBXResourcesBuildPhase;
			buildActionMask = 2147483647;
			files = (
				1F1FC1071BB3E76100CAE4DE /* Assets.xcassets in Resources */,
				1F1FF4351BB5257500B2A900 /* Info.plist in Resources */,
			);
			runOnlyForDeploymentPostprocessing = 0;
		};
		1F1FC10E1BB3E76100CAE4DE /* Resources */ = {
			isa = PBXResourcesBuildPhase;
			buildActionMask = 2147483647;
			files = (
			);
			runOnlyForDeploymentPostprocessing = 0;
		};
		1F1FC1191BB3E76100CAE4DE /* Resources */ = {
			isa = PBXResourcesBuildPhase;
			buildActionMask = 2147483647;
			files = (
			);
			runOnlyForDeploymentPostprocessing = 0;
		};
/* End PBXResourcesBuildPhase section */

/* Begin PBXShellScriptBuildPhase section */
		19654DCD6A703D32180EEE1B /* Copy Pods Resources */ = {
			isa = PBXShellScriptBuildPhase;
			buildActionMask = 2147483647;
			files = (
			);
			inputPaths = (
			);
			name = "Copy Pods Resources";
			outputPaths = (
			);
			runOnlyForDeploymentPostprocessing = 0;
			shellPath = /bin/sh;
			shellScript = "\"${SRCROOT}/Pods/Target Support Files/Pods/Pods-resources.sh\"\n";
			showEnvVarsInLog = 0;
		};
		199A56DE9C1C92D6A374AF1C /* Check Pods Manifest.lock */ = {
			isa = PBXShellScriptBuildPhase;
			buildActionMask = 2147483647;
			files = (
			);
			inputPaths = (
			);
			name = "Check Pods Manifest.lock";
			outputPaths = (
			);
			runOnlyForDeploymentPostprocessing = 0;
			shellPath = /bin/sh;
			shellScript = "diff \"${PODS_ROOT}/../Podfile.lock\" \"${PODS_ROOT}/Manifest.lock\" > /dev/null\nif [[ $? != 0 ]] ; then\n    cat << EOM\nerror: The sandbox is not in sync with the Podfile.lock. Run 'pod install' or update your CocoaPods installation.\nEOM\n    exit 1\nfi\n";
			showEnvVarsInLog = 0;
		};
/* End PBXShellScriptBuildPhase section */

/* Begin PBXSourcesBuildPhase section */
		1F1FC0F31BB3E76100CAE4DE /* Sources */ = {
			isa = PBXSourcesBuildPhase;
			buildActionMask = 2147483647;
			files = (
				1F1FF41D1BB4E58300B2A900 /* UIBarButtonItem+Extension.m in Sources */,
				1F1FF4211BB4E58300B2A900 /* UIView+LayoutMethods.m in Sources */,
				1F1FF4431BB5337500B2A900 /* PointsMallController.m in Sources */,
				1F1FF41F1BB4E58300B2A900 /* UITextField+Extension.m in Sources */,
				1F1FF4401BB5335900B2A900 /* HomeController.m in Sources */,
				1F1FF42C1BB522C000B2A900 /* AppDelegate.m in Sources */,
				1F1FF4291BB521B800B2A900 /* NSString+Extension.m in Sources */,
				1F1FF41B1BB4E58300B2A900 /* NSDictionary+Value.m in Sources */,
				1F1FF41E1BB4E58300B2A900 /* UIFont+Extension.m in Sources */,
				1F1FF4201BB4E58300B2A900 /* UIView+AEBHandyAutoLayout.m in Sources */,
				1F1FC0FC1BB3E76100CAE4DE /* main.m in Sources */,
				1F1FF43D1BB5332100B2A900 /* CMViewController.m in Sources */,
			);
			runOnlyForDeploymentPostprocessing = 0;
		};
		1F1FC10C1BB3E76100CAE4DE /* Sources */ = {
			isa = PBXSourcesBuildPhase;
			buildActionMask = 2147483647;
			files = (
				1F1FC1151BB3E76100CAE4DE /* DYStoreTests.m in Sources */,
			);
			runOnlyForDeploymentPostprocessing = 0;
		};
		1F1FC1171BB3E76100CAE4DE /* Sources */ = {
			isa = PBXSourcesBuildPhase;
			buildActionMask = 2147483647;
			files = (
				1F1FC1201BB3E76100CAE4DE /* DYStoreUITests.m in Sources */,
			);
			runOnlyForDeploymentPostprocessing = 0;
		};
/* End PBXSourcesBuildPhase section */

/* Begin PBXTargetDependency section */
		1F1FC1121BB3E76100CAE4DE /* PBXTargetDependency */ = {
			isa = PBXTargetDependency;
			target = 1F1FC0F61BB3E76100CAE4DE /* DYStore */;
			targetProxy = 1F1FC1111BB3E76100CAE4DE /* PBXContainerItemProxy */;
		};
		1F1FC11D1BB3E76100CAE4DE /* PBXTargetDependency */ = {
			isa = PBXTargetDependency;
			target = 1F1FC0F61BB3E76100CAE4DE /* DYStore */;
			targetProxy = 1F1FC11C1BB3E76100CAE4DE /* PBXContainerItemProxy */;
		};
/* End PBXTargetDependency section */

/* Begin XCBuildConfiguration section */
		1F1FC1221BB3E76100CAE4DE /* Debug */ = {
			isa = XCBuildConfiguration;
			buildSettings = {
				ALWAYS_SEARCH_USER_PATHS = NO;
				CLANG_CXX_LANGUAGE_STANDARD = "gnu++0x";
				CLANG_CXX_LIBRARY = "libc++";
				CLANG_ENABLE_MODULES = YES;
				CLANG_ENABLE_OBJC_ARC = YES;
				CLANG_WARN_BOOL_CONVERSION = YES;
				CLANG_WARN_CONSTANT_CONVERSION = YES;
				CLANG_WARN_DIRECT_OBJC_ISA_USAGE = YES_ERROR;
				CLANG_WARN_EMPTY_BODY = YES;
				CLANG_WARN_ENUM_CONVERSION = YES;
				CLANG_WARN_INT_CONVERSION = YES;
				CLANG_WARN_OBJC_ROOT_CLASS = YES_ERROR;
				CLANG_WARN_UNREACHABLE_CODE = YES;
				CLANG_WARN__DUPLICATE_METHOD_MATCH = YES;
				"CODE_SIGN_IDENTITY[sdk=iphoneos*]" = "iPhone Developer";
				COPY_PHASE_STRIP = NO;
				CREATE_INFOPLIST_SECTION_IN_BINARY = NO;
				DEBUG_INFORMATION_FORMAT = dwarf;
				ENABLE_STRICT_OBJC_MSGSEND = YES;
				ENABLE_TESTABILITY = YES;
				GCC_C_LANGUAGE_STANDARD = gnu99;
				GCC_DYNAMIC_NO_PIC = NO;
				GCC_NO_COMMON_BLOCKS = YES;
				GCC_OPTIMIZATION_LEVEL = 0;
				GCC_PREPROCESSOR_DEFINITIONS = (
					"DEBUG=1",
					"$(inherited)",
				);
				GCC_WARN_64_TO_32_BIT_CONVERSION = YES;
				GCC_WARN_ABOUT_RETURN_TYPE = YES_ERROR;
				GCC_WARN_UNDECLARED_SELECTOR = YES;
				GCC_WARN_UNINITIALIZED_AUTOS = YES_AGGRESSIVE;
				GCC_WARN_UNUSED_FUNCTION = YES;
				GCC_WARN_UNUSED_VARIABLE = YES;
				INFOPLIST_FILE = "";
				IPHONEOS_DEPLOYMENT_TARGET = 9.0;
				MTL_ENABLE_DEBUG_INFO = YES;
				ONLY_ACTIVE_ARCH = YES;
				SDKROOT = iphoneos;
			};
			name = Debug;
		};
		1F1FC1231BB3E76100CAE4DE /* Release */ = {
			isa = XCBuildConfiguration;
			buildSettings = {
				ALWAYS_SEARCH_USER_PATHS = NO;
				CLANG_CXX_LANGUAGE_STANDARD = "gnu++0x";
				CLANG_CXX_LIBRARY = "libc++";
				CLANG_ENABLE_MODULES = YES;
				CLANG_ENABLE_OBJC_ARC = YES;
				CLANG_WARN_BOOL_CONVERSION = YES;
				CLANG_WARN_CONSTANT_CONVERSION = YES;
				CLANG_WARN_DIRECT_OBJC_ISA_USAGE = YES_ERROR;
				CLANG_WARN_EMPTY_BODY = YES;
				CLANG_WARN_ENUM_CONVERSION = YES;
				CLANG_WARN_INT_CONVERSION = YES;
				CLANG_WARN_OBJC_ROOT_CLASS = YES_ERROR;
				CLANG_WARN_UNREACHABLE_CODE = YES;
				CLANG_WARN__DUPLICATE_METHOD_MATCH = YES;
				"CODE_SIGN_IDENTITY[sdk=iphoneos*]" = "iPhone Developer";
				COPY_PHASE_STRIP = NO;
				CREATE_INFOPLIST_SECTION_IN_BINARY = NO;
				DEBUG_INFORMATION_FORMAT = "dwarf-with-dsym";
				ENABLE_NS_ASSERTIONS = NO;
				ENABLE_STRICT_OBJC_MSGSEND = YES;
				GCC_C_LANGUAGE_STANDARD = gnu99;
				GCC_NO_COMMON_BLOCKS = YES;
				GCC_WARN_64_TO_32_BIT_CONVERSION = YES;
				GCC_WARN_ABOUT_RETURN_TYPE = YES_ERROR;
				GCC_WARN_UNDECLARED_SELECTOR = YES;
				GCC_WARN_UNINITIALIZED_AUTOS = YES_AGGRESSIVE;
				GCC_WARN_UNUSED_FUNCTION = YES;
				GCC_WARN_UNUSED_VARIABLE = YES;
				INFOPLIST_FILE = "";
				IPHONEOS_DEPLOYMENT_TARGET = 9.0;
				MTL_ENABLE_DEBUG_INFO = NO;
				SDKROOT = iphoneos;
				VALIDATE_PRODUCT = YES;
			};
			name = Release;
		};
		1F1FC1251BB3E76100CAE4DE /* Debug */ = {
			isa = XCBuildConfiguration;
			baseConfigurationReference = B0AE3EC73899F3B98E1081B0 /* Pods.debug.xcconfig */;
			buildSettings = {
				ASSETCATALOG_COMPILER_APPICON_NAME = AppIcon;
				ASSETCATALOG_COMPILER_LAUNCHIMAGE_NAME = LaunchImage;
				CODE_SIGN_IDENTITY = "iPhone Developer";
				GCC_PRECOMPILE_PREFIX_HEADER = YES;
				GCC_PREFIX_HEADER = "$(SRCROOT)/DYStore/Resources/PCH/DYStore.pch";
				INFOPLIST_FILE = "$(SRCROOT)/DYStore/Resources/Plist/Info.plist";
				IPHONEOS_DEPLOYMENT_TARGET = 7.0;
				LD_RUNPATH_SEARCH_PATHS = "$(inherited) @executable_path/Frameworks";
				PRODUCT_BUNDLE_IDENTIFIER = com.daiyanwang.www.DYStore;
				PRODUCT_NAME = "$(TARGET_NAME)";
			};
			name = Debug;
		};
		1F1FC1261BB3E76100CAE4DE /* Release */ = {
			isa = XCBuildConfiguration;
			baseConfigurationReference = 4C3729EAF4874F4BE8267278 /* Pods.release.xcconfig */;
			buildSettings = {
				ASSETCATALOG_COMPILER_APPICON_NAME = AppIcon;
				ASSETCATALOG_COMPILER_LAUNCHIMAGE_NAME = LaunchImage;
				CODE_SIGN_IDENTITY = "iPhone Developer";
				GCC_PRECOMPILE_PREFIX_HEADER = YES;
				GCC_PREFIX_HEADER = "$(SRCROOT)/DYStore/Resources/PCH/DYStore.pch";
				INFOPLIST_FILE = "$(SRCROOT)/DYStore/Resources/Plist/Info.plist";
				IPHONEOS_DEPLOYMENT_TARGET = 7.0;
				LD_RUNPATH_SEARCH_PATHS = "$(inherited) @executable_path/Frameworks";
				PRODUCT_BUNDLE_IDENTIFIER = com.daiyanwang.www.DYStore;
				PRODUCT_NAME = "$(TARGET_NAME)";
			};
			name = Release;
		};
		1F1FC1281BB3E76100CAE4DE /* Debug */ = {
			isa = XCBuildConfiguration;
			buildSettings = {
				BUNDLE_LOADER = "$(TEST_HOST)";
				INFOPLIST_FILE = DYStoreTests/Info.plist;
				LD_RUNPATH_SEARCH_PATHS = "$(inherited) @executable_path/Frameworks @loader_path/Frameworks";
				PRODUCT_BUNDLE_IDENTIFIER = com.daiyanwang.www.DYStoreTests;
				PRODUCT_NAME = "$(TARGET_NAME)";
				TEST_HOST = "$(BUILT_PRODUCTS_DIR)/DYStore.app/DYStore";
			};
			name = Debug;
		};
		1F1FC1291BB3E76100CAE4DE /* Release */ = {
			isa = XCBuildConfiguration;
			buildSettings = {
				BUNDLE_LOADER = "$(TEST_HOST)";
				INFOPLIST_FILE = DYStoreTests/Info.plist;
				LD_RUNPATH_SEARCH_PATHS = "$(inherited) @executable_path/Frameworks @loader_path/Frameworks";
				PRODUCT_BUNDLE_IDENTIFIER = com.daiyanwang.www.DYStoreTests;
				PRODUCT_NAME = "$(TARGET_NAME)";
				TEST_HOST = "$(BUILT_PRODUCTS_DIR)/DYStore.app/DYStore";
			};
			name = Release;
		};
		1F1FC12B1BB3E76100CAE4DE /* Debug */ = {
			isa = XCBuildConfiguration;
			buildSettings = {
				INFOPLIST_FILE = DYStoreUITests/Info.plist;
				LD_RUNPATH_SEARCH_PATHS = "$(inherited) @executable_path/Frameworks @loader_path/Frameworks";
				PRODUCT_BUNDLE_IDENTIFIER = com.daiyanwang.www.DYStoreUITests;
				PRODUCT_NAME = "$(TARGET_NAME)";
				TEST_TARGET_NAME = DYStore;
				USES_XCTRUNNER = YES;
			};
			name = Debug;
		};
		1F1FC12C1BB3E76100CAE4DE /* Release */ = {
			isa = XCBuildConfiguration;
			buildSettings = {
				INFOPLIST_FILE = DYStoreUITests/Info.plist;
				LD_RUNPATH_SEARCH_PATHS = "$(inherited) @executable_path/Frameworks @loader_path/Frameworks";
				PRODUCT_BUNDLE_IDENTIFIER = com.daiyanwang.www.DYStoreUITests;
				PRODUCT_NAME = "$(TARGET_NAME)";
				TEST_TARGET_NAME = DYStore;
				USES_XCTRUNNER = YES;
			};
			name = Release;
		};
/* End XCBuildConfiguration section */

/* Begin XCConfigurationList section */
		1F1FC0F21BB3E76100CAE4DE /* Build configuration list for PBXProject "DYStore" */ = {
			isa = XCConfigurationList;
			buildConfigurations = (
				1F1FC1221BB3E76100CAE4DE /* Debug */,
				1F1FC1231BB3E76100CAE4DE /* Release */,
			);
			defaultConfigurationIsVisible = 0;
			defaultConfigurationName = Release;
		};
		1F1FC1241BB3E76100CAE4DE /* Build configuration list for PBXNativeTarget "DYStore" */ = {
			isa = XCConfigurationList;
			buildConfigurations = (
				1F1FC1251BB3E76100CAE4DE /* Debug */,
				1F1FC1261BB3E76100CAE4DE /* Release */,
			);
			defaultConfigurationIsVisible = 0;
			defaultConfigurationName = Release;
		};
		1F1FC1271BB3E76100CAE4DE /* Build configuration list for PBXNativeTarget "DYStoreTests" */ = {
			isa = XCConfigurationList;
			buildConfigurations = (
				1F1FC1281BB3E76100CAE4DE /* Debug */,
				1F1FC1291BB3E76100CAE4DE /* Release */,
			);
			defaultConfigurationIsVisible = 0;
			defaultConfigurationName = Release;
		};
		1F1FC12A1BB3E76100CAE4DE /* Build configuration list for PBXNativeTarget "DYStoreUITests" */ = {
			isa = XCConfigurationList;
			buildConfigurations = (
				1F1FC12B1BB3E76100CAE4DE /* Debug */,
				1F1FC12C1BB3E76100CAE4DE /* Release */,
			);
			defaultConfigurationIsVisible = 0;
			defaultConfigurationName = Release;
		};
/* End XCConfigurationList section */
	};
	rootObject = 1F1FC0EF1BB3E76100CAE4DE /* Project object */;
}
